{
    __meta__ = {
        version = "1.0"
    },
    ["windows|x64"] = {
        ["cmake#f56260b5"] = {
            repo = {
                branch = "master",
                commit = "45600393144e42f83e80bdf7f123f58f5550f709",
                url = "https://gitlab.com/tboox/xmake-repo.git"
            },
            version = "4.2.1"
        },
        ["ninja#f56260b5"] = {
            repo = {
                branch = "master",
                commit = "45600393144e42f83e80bdf7f123f58f5550f709",
                url = "https://gitlab.com/tboox/xmake-repo.git"
            },
            version = "1.12.1"
        },
        ["simpleini#f56260b5"] = {
            repo = {
                branch = "master",
                commit = "2e1b098a67288fdbb197e206c7d5bba2168a9a59",
                url = "https://gitlab.com/tboox/xmake-repo.git"
            },
            version = "v4.25"
        },
        ["spdlog#09c8c173"] = {
            repo = {
                branch = "master",
                commit = "fe2a73b07622d172ec4f8584418500fb945c51cd",
                url = "https://gitlab.com/tboox/xmake-repo.git"
            },
            version = "v1.16.0"
        }
    }
}